
Microsoft Visual Studio Solution File, Format Version 12.00
# Visual Studio Version 17
VisualStudioVersion = 17.0.31903.59
MinimumVisualStudioVersion = 10.0.40219.1
Project("{FAE04EC0-301F-11D3-BF4B-00C04F79EFBC}") = "multicast", "multicast.csproj", "{09C3BFBA-1192-4FDA-9A43-D795A9A5E8DB}"
EndProject
Global
	GlobalSection(SolutionConfigurationPlatforms) = preSolution
		Debug|Any CPU = Debug|Any CPU
		Release|Any CPU = Release|Any CPU
	EndGlobalSection
	GlobalSection(SolutionProperties) = preSolution
		HideSolutionNode = FALSE
	EndGlobalSection
	GlobalSection(ProjectConfigurationPlatforms) = postSolution
		{09C3BFBA-1192-4FDA-9A43-D795A9A5E8DB}.Debug|Any CPU.ActiveCfg = Debug|Any CPU
		{09C3BFBA-1192-4FDA-9A43-D795A9A5E8DB}.Debug|Any CPU.Build.0 = Debug|Any CPU
		{09C3BFBA-1192-4FDA-9A43-D795A9A5E8DB}.Release|Any CPU.ActiveCfg = Release|Any CPU
		{09C3BFBA-1192-4FDA-9A43-D795A9A5E8DB}.Release|Any CPU.Build.0 = Release|Any CPU
	EndGlobalSection
EndGlobal
